// !$*UTF8*$!
{
	archiveVersion = 1;
	classes = {
	};
	objectVersion = 46;
	objects = {

/* Begin PBXBuildFile section */
		8DC17C951B3202E900435906 /* driver.c in Sources */ = {isa = PBXBuildFile; fileRef = 8DC17C811B3202E900435906 /* driver.c */; };
		8DC17C961B3202E900435906 /* gps_novatel copy.c in Sources */ = {isa = PBXBuildFile; fileRef = 8DC17C831B3202E900435906 /* gps_novatel copy.c */; };
		8DC17C971B3202E900435906 /* HASP_SPI_devices copy.c in Sources */ = {isa = PBXBuildFile; fileRef = 8DC17C851B3202E900435906 /* HASP_SPI_devices copy.c */; };
		8DC17C991B3202E900435906 /* main.c in Sources */ = {isa = PBXBuildFile; fileRef = 8DC17C881B3202E900435906 /* main.c */; };
		8DC17C9A1B3202E900435906 /* read_fifo_store_data.c in Sources */ = {isa = PBXBuildFile; fileRef = 8DC17C891B3202E900435906 /* read_fifo_store_data.c */; };
		8DC17C9B1B3202E900435906 /* README.md in Sources */ = {isa = PBXBuildFile; fileRef = 8DC17C8A1B3202E900435906 /* README.md */; };
		8DC17C9C1B3202E900435906 /* spi copy.c in Sources */ = {isa = PBXBuildFile; fileRef = 8DC17C8B1B3202E900435906 /* spi copy.c */; };
		8DC17C9D1B3202E900435906 /* state machine example.cpp in Sources */ = {isa = PBXBuildFile; fileRef = 8DC17C8D1B3202E900435906 /* state machine example.cpp */; };
		8DC17C9E1B3202E900435906 /* telemetry.c in Sources */ = {isa = PBXBuildFile; fileRef = 8DC17C8E1B3202E900435906 /* telemetry.c */; };
		8DC17C9F1B3202E900435906 /* timing copy.c in Sources */ = {isa = PBXBuildFile; fileRef = 8DC17C901B3202E900435906 /* timing copy.c */; };
		8DC17CA01B3202E900435906 /* updateEventCounter copy.c in Sources */ = {isa = PBXBuildFile; fileRef = 8DC17C911B3202E900435906 /* updateEventCounter copy.c */; };
		8DC17CA21B3202E900435906 /* write_photon_data.c in Sources */ = {isa = PBXBuildFile; fileRef = 8DC17C931B3202E900435906 /* write_photon_data.c */; };
/* End PBXBuildFile section */

/* Begin PBXCopyFilesBuildPhase section */
		8DC17C721B32025100435906 /* CopyFiles */ = {
			isa = PBXCopyFilesBuildPhase;
			buildActionMask = 2147483647;
			dstPath = /usr/share/man/man1/;
			dstSubfolderSpec = 0;
			files = (
			);
			runOnlyForDeploymentPostprocessing = 1;
		};
/* End PBXCopyFilesBuildPhase section */

/* Begin PBXFileReference section */
		8DC17C741B32025100435906 /* 2015 */ = {isa = PBXFileReference; explicitFileType = "compiled.mach-o.executable"; includeInIndex = 0; path = 2015; sourceTree = BUILT_PRODUCTS_DIR; };
		8DC17C7F1B3202E900435906 /* datalogger copy.h */ = {isa = PBXFileReference; fileEncoding = 4; lastKnownFileType = sourcecode.c.h; path = "datalogger copy.h"; sourceTree = SOURCE_ROOT; };
		8DC17C811B3202E900435906 /* driver.c */ = {isa = PBXFileReference; fileEncoding = 4; lastKnownFileType = sourcecode.c.c; path = driver.c; sourceTree = SOURCE_ROOT; };
		8DC17C821B3202E900435906 /* globaldefs.h */ = {isa = PBXFileReference; fileEncoding = 4; lastKnownFileType = sourcecode.c.h; path = globaldefs.h; sourceTree = SOURCE_ROOT; };
		8DC17C831B3202E900435906 /* gps_novatel copy.c */ = {isa = PBXFileReference; fileEncoding = 4; lastKnownFileType = sourcecode.c.c; path = "gps_novatel copy.c"; sourceTree = SOURCE_ROOT; };
		8DC17C841B3202E900435906 /* gps_novatel copy.h */ = {isa = PBXFileReference; fileEncoding = 4; lastKnownFileType = sourcecode.c.h; path = "gps_novatel copy.h"; sourceTree = SOURCE_ROOT; };
		8DC17C851B3202E900435906 /* HASP_SPI_devices copy.c */ = {isa = PBXFileReference; fileEncoding = 4; lastKnownFileType = sourcecode.c.c; path = "HASP_SPI_devices copy.c"; sourceTree = SOURCE_ROOT; };
		8DC17C861B3202E900435906 /* HASP_SPI_devices copy.h */ = {isa = PBXFileReference; fileEncoding = 4; lastKnownFileType = sourcecode.c.h; path = "HASP_SPI_devices copy.h"; sourceTree = SOURCE_ROOT; };
		8DC17C881B3202E900435906 /* main.c */ = {isa = PBXFileReference; fileEncoding = 4; lastKnownFileType = sourcecode.c.c; path = main.c; sourceTree = SOURCE_ROOT; };
		8DC17C891B3202E900435906 /* read_fifo_store_data.c */ = {isa = PBXFileReference; fileEncoding = 4; lastKnownFileType = sourcecode.c.c; path = read_fifo_store_data.c; sourceTree = SOURCE_ROOT; };
		8DC17C8A1B3202E900435906 /* README.md */ = {isa = PBXFileReference; fileEncoding = 4; lastKnownFileType = net.daringfireball.markdown; path = README.md; sourceTree = SOURCE_ROOT; };
		8DC17C8B1B3202E900435906 /* spi copy.c */ = {isa = PBXFileReference; fileEncoding = 4; lastKnownFileType = sourcecode.c.c; path = "spi copy.c"; sourceTree = SOURCE_ROOT; };
		8DC17C8C1B3202E900435906 /* spi copy.h */ = {isa = PBXFileReference; fileEncoding = 4; lastKnownFileType = sourcecode.c.h; path = "spi copy.h"; sourceTree = SOURCE_ROOT; };
		8DC17C8D1B3202E900435906 /* state machine example.cpp */ = {isa = PBXFileReference; fileEncoding = 4; lastKnownFileType = sourcecode.cpp.cpp; path = "state machine example.cpp"; sourceTree = SOURCE_ROOT; };
		8DC17C8E1B3202E900435906 /* telemetry.c */ = {isa = PBXFileReference; fileEncoding = 4; lastKnownFileType = sourcecode.c.c; path = telemetry.c; sourceTree = SOURCE_ROOT; };
		8DC17C8F1B3202E900435906 /* telemetry.h */ = {isa = PBXFileReference; fileEncoding = 4; lastKnownFileType = sourcecode.c.h; path = telemetry.h; sourceTree = SOURCE_ROOT; };
		8DC17C901B3202E900435906 /* timing copy.c */ = {isa = PBXFileReference; fileEncoding = 4; lastKnownFileType = sourcecode.c.c; path = "timing copy.c"; sourceTree = SOURCE_ROOT; };
		8DC17C911B3202E900435906 /* updateEventCounter copy.c */ = {isa = PBXFileReference; fileEncoding = 4; lastKnownFileType = sourcecode.c.c; path = "updateEventCounter copy.c"; sourceTree = SOURCE_ROOT; };
		8DC17C931B3202E900435906 /* write_photon_data.c */ = {isa = PBXFileReference; fileEncoding = 4; lastKnownFileType = sourcecode.c.c; path = write_photon_data.c; sourceTree = SOURCE_ROOT; };
/* End PBXFileReference section */

/* Begin PBXFrameworksBuildPhase section */
		8DC17C711B32025100435906 /* Frameworks */ = {
			isa = PBXFrameworksBuildPhase;
			buildActionMask = 2147483647;
			files = (
			);
			runOnlyForDeploymentPostprocessing = 0;
		};
/* End PBXFrameworksBuildPhase section */

/* Begin PBXGroup section */
		8DC17C6B1B32025100435906 = {
			isa = PBXGroup;
			children = (
				8DC17C761B32025100435906 /* 2015 */,
				8DC17C751B32025100435906 /* Products */,
			);
			sourceTree = "<group>";
		};
		8DC17C751B32025100435906 /* Products */ = {
			isa = PBXGroup;
			children = (
				8DC17C741B32025100435906 /* 2015 */,
			);
			name = Products;
			sourceTree = "<group>";
		};
		8DC17C761B32025100435906 /* 2015 */ = {
			isa = PBXGroup;
			children = (
				8DC17C8A1B3202E900435906 /* README.md */,
				8DC17C881B3202E900435906 /* main.c */,
				8DC17C821B3202E900435906 /* globaldefs.h */,
				8DC17C891B3202E900435906 /* read_fifo_store_data.c */,
				8DC17C811B3202E900435906 /* driver.c */,
				8DC17C7F1B3202E900435906 /* datalogger copy.h */,
				8DC17C831B3202E900435906 /* gps_novatel copy.c */,
				8DC17C841B3202E900435906 /* gps_novatel copy.h */,
				8DC17C851B3202E900435906 /* HASP_SPI_devices copy.c */,
				8DC17C861B3202E900435906 /* HASP_SPI_devices copy.h */,
				8DC17C8B1B3202E900435906 /* spi copy.c */,
				8DC17C8C1B3202E900435906 /* spi copy.h */,
				8DC17C8D1B3202E900435906 /* state machine example.cpp */,
				8DC17C8E1B3202E900435906 /* telemetry.c */,
				8DC17C8F1B3202E900435906 /* telemetry.h */,
				8DC17C901B3202E900435906 /* timing copy.c */,
				8DC17C911B3202E900435906 /* updateEventCounter copy.c */,
				8DC17C931B3202E900435906 /* write_photon_data.c */,
			);
			path = 2015;
			sourceTree = "<group>";
		};
/* End PBXGroup section */

/* Begin PBXNativeTarget section */
		8DC17C731B32025100435906 /* 2015 */ = {
			isa = PBXNativeTarget;
			buildConfigurationList = 8DC17C7B1B32025100435906 /* Build configuration list for PBXNativeTarget "2015" */;
			buildPhases = (
				8DC17C701B32025100435906 /* Sources */,
				8DC17C711B32025100435906 /* Frameworks */,
				8DC17C721B32025100435906 /* CopyFiles */,
			);
			buildRules = (
			);
			dependencies = (
			);
			name = 2015;
			productName = 2015;
			productReference = 8DC17C741B32025100435906 /* 2015 */;
			productType = "com.apple.product-type.tool";
		};
/* End PBXNativeTarget section */

/* Begin PBXProject section */
		8DC17C6C1B32025100435906 /* Project object */ = {
			isa = PBXProject;
			attributes = {
				LastUpgradeCheck = 0630;
				ORGANIZATIONNAME = "Aron Lindell";
				TargetAttributes = {
					8DC17C731B32025100435906 = {
						CreatedOnToolsVersion = 6.3.2;
					};
				};
			};
			buildConfigurationList = 8DC17C6F1B32025100435906 /* Build configuration list for PBXProject "2015" */;
			compatibilityVersion = "Xcode 3.2";
			developmentRegion = English;
			hasScannedForEncodings = 0;
			knownRegions = (
				en,
			);
			mainGroup = 8DC17C6B1B32025100435906;
			productRefGroup = 8DC17C751B32025100435906 /* Products */;
			projectDirPath = "";
			projectRoot = "";
			targets = (
				8DC17C731B32025100435906 /* 2015 */,
			);
		};
/* End PBXProject section */

/* Begin PBXSourcesBuildPhase section */
		8DC17C701B32025100435906 /* Sources */ = {
			isa = PBXSourcesBuildPhase;
			buildActionMask = 2147483647;
			files = (
				8DC17C971B3202E900435906 /* HASP_SPI_devices copy.c in Sources */,
				8DC17C991B3202E900435906 /* main.c in Sources */,
				8DC17C961B3202E900435906 /* gps_novatel copy.c in Sources */,
				8DC17C9A1B3202E900435906 /* read_fifo_store_data.c in Sources */,
				8DC17C9F1B3202E900435906 /* timing copy.c in Sources */,
				8DC17C9E1B3202E900435906 /* telemetry.c in Sources */,
				8DC17C9C1B3202E900435906 /* spi copy.c in Sources */,
				8DC17C9D1B3202E900435906 /* state machine example.cpp in Sources */,
				8DC17CA21B3202E900435906 /* write_photon_data.c in Sources */,
				8DC17C9B1B3202E900435906 /* README.md in Sources */,
				8DC17CA01B3202E900435906 /* updateEventCounter copy.c in Sources */,
				8DC17C951B3202E900435906 /* driver.c in Sources */,
			);
			runOnlyForDeploymentPostprocessing = 0;
		};
/* End PBXSourcesBuildPhase section */

/* Begin XCBuildConfiguration section */
		8DC17C791B32025100435906 /* Debug */ = {
			isa = XCBuildConfiguration;
			buildSettings = {
				ALWAYS_SEARCH_USER_PATHS = NO;
				CLANG_CXX_LANGUAGE_STANDARD = "gnu++0x";
				CLANG_CXX_LIBRARY = "libc++";
				CLANG_ENABLE_MODULES = YES;
				CLANG_ENABLE_OBJC_ARC = YES;
				CLANG_WARN_BOOL_CONVERSION = YES;
				CLANG_WARN_CONSTANT_CONVERSION = YES;
				CLANG_WARN_DIRECT_OBJC_ISA_USAGE = YES_ERROR;
				CLANG_WARN_EMPTY_BODY = YES;
				CLANG_WARN_ENUM_CONVERSION = YES;
				CLANG_WARN_INT_CONVERSION = YES;
				CLANG_WARN_OBJC_ROOT_CLASS = YES_ERROR;
				CLANG_WARN_UNREACHABLE_CODE = YES;
				CLANG_WARN__DUPLICATE_METHOD_MATCH = YES;
				COPY_PHASE_STRIP = NO;
				DEBUG_INFORMATION_FORMAT = dwarf;
				ENABLE_STRICT_OBJC_MSGSEND = YES;
				GCC_C_LANGUAGE_STANDARD = gnu99;
				GCC_DYNAMIC_NO_PIC = NO;
				GCC_NO_COMMON_BLOCKS = YES;
				GCC_OPTIMIZATION_LEVEL = 0;
				GCC_PREPROCESSOR_DEFINITIONS = (
					"DEBUG=1",
					"$(inherited)",
				);
				GCC_SYMBOLS_PRIVATE_EXTERN = NO;
				GCC_WARN_64_TO_32_BIT_CONVERSION = YES;
				GCC_WARN_ABOUT_RETURN_TYPE = YES_ERROR;
				GCC_WARN_UNDECLARED_SELECTOR = YES;
				GCC_WARN_UNINITIALIZED_AUTOS = YES_AGGRESSIVE;
				GCC_WARN_UNUSED_FUNCTION = YES;
				GCC_WARN_UNUSED_VARIABLE = YES;
				MACOSX_DEPLOYMENT_TARGET = 10.10;
				MTL_ENABLE_DEBUG_INFO = YES;
				ONLY_ACTIVE_ARCH = YES;
				SDKROOT = macosx;
			};
			name = Debug;
		};
		8DC17C7A1B32025100435906 /* Release */ = {
			isa = XCBuildConfiguration;
			buildSettings = {
				ALWAYS_SEARCH_USER_PATHS = NO;
				CLANG_CXX_LANGUAGE_STANDARD = "gnu++0x";
				CLANG_CXX_LIBRARY = "libc++";
				CLANG_ENABLE_MODULES = YES;
				CLANG_ENABLE_OBJC_ARC = YES;
				CLANG_WARN_BOOL_CONVERSION = YES;
				CLANG_WARN_CONSTANT_CONVERSION = YES;
				CLANG_WARN_DIRECT_OBJC_ISA_USAGE = YES_ERROR;
				CLANG_WARN_EMPTY_BODY = YES;
				CLANG_WARN_ENUM_CONVERSION = YES;
				CLANG_WARN_INT_CONVERSION = YES;
				CLANG_WARN_OBJC_ROOT_CLASS = YES_ERROR;
				CLANG_WARN_UNREACHABLE_CODE = YES;
				CLANG_WARN__DUPLICATE_METHOD_MATCH = YES;
				COPY_PHASE_STRIP = NO;
				DEBUG_INFORMATION_FORMAT = "dwarf-with-dsym";
				ENABLE_NS_ASSERTIONS = NO;
				ENABLE_STRICT_OBJC_MSGSEND = YES;
				GCC_C_LANGUAGE_STANDARD = gnu99;
				GCC_NO_COMMON_BLOCKS = YES;
				GCC_WARN_64_TO_32_BIT_CONVERSION = YES;
				GCC_WARN_ABOUT_RETURN_TYPE = YES_ERROR;
				GCC_WARN_UNDECLARED_SELECTOR = YES;
				GCC_WARN_UNINITIALIZED_AUTOS = YES_AGGRESSIVE;
				GCC_WARN_UNUSED_FUNCTION = YES;
				GCC_WARN_UNUSED_VARIABLE = YES;
				MACOSX_DEPLOYMENT_TARGET = 10.10;
				MTL_ENABLE_DEBUG_INFO = NO;
				SDKROOT = macosx;
			};
			name = Release;
		};
		8DC17C7C1B32025100435906 /* Debug */ = {
			isa = XCBuildConfiguration;
			buildSettings = {
				PRODUCT_NAME = "$(TARGET_NAME)";
			};
			name = Debug;
		};
		8DC17C7D1B32025100435906 /* Release */ = {
			isa = XCBuildConfiguration;
			buildSettings = {
				PRODUCT_NAME = "$(TARGET_NAME)";
			};
			name = Release;
		};
/* End XCBuildConfiguration section */

/* Begin XCConfigurationList section */
		8DC17C6F1B32025100435906 /* Build configuration list for PBXProject "2015" */ = {
			isa = XCConfigurationList;
			buildConfigurations = (
				8DC17C791B32025100435906 /* Debug */,
				8DC17C7A1B32025100435906 /* Release */,
			);
			defaultConfigurationIsVisible = 0;
			defaultConfigurationName = Release;
		};
		8DC17C7B1B32025100435906 /* Build configuration list for PBXNativeTarget "2015" */ = {
			isa = XCConfigurationList;
			buildConfigurations = (
				8DC17C7C1B32025100435906 /* Debug */,
				8DC17C7D1B32025100435906 /* Release */,
			);
			defaultConfigurationIsVisible = 0;
			defaultConfigurationName = Release;
		};
/* End XCConfigurationList section */
	};
	rootObject = 8DC17C6C1B32025100435906 /* Project object */;
}
